// !$*UTF8*$!
{
	archiveVersion = 1;
	classes = {
	};
	objectVersion = 70;
	objects = {

/* Begin PBXContainerItemProxy section */
		6DE0979D2C60AC8F00F709D1 /* PBXContainerItemProxy */ = {
			isa = PBXContainerItemProxy;
			containerPortal = 6DE097842C60AC8D00F709D1 /* Project object */;
			proxyType = 1;
			remoteGlobalIDString = 6DE0978B2C60AC8D00F709D1;
			remoteInfo = Passifier;
		};
		6DE097A72C60AC8F00F709D1 /* PBXContainerItemProxy */ = {
			isa = PBXContainerItemProxy;
			containerPortal = 6DE097842C60AC8D00F709D1 /* Project object */;
			proxyType = 1;
			remoteGlobalIDString = 6DE0978B2C60AC8D00F709D1;
			remoteInfo = Passifier;
		};
/* End PBXContainerItemProxy section */

/* Begin PBXFileReference section */
		6DE0978C2C60AC8D00F709D1 /* Passifier.app */ = {isa = PBXFileReference; explicitFileType = wrapper.application; includeInIndex = 0; path = Passifier.app; sourceTree = BUILT_PRODUCTS_DIR; };
		6DE0979C2C60AC8F00F709D1 /* PassifierTests.xctest */ = {isa = PBXFileReference; explicitFileType = wrapper.cfbundle; includeInIndex = 0; path = PassifierTests.xctest; sourceTree = BUILT_PRODUCTS_DIR; };
		6DE097A62C60AC8F00F709D1 /* PassifierUITests.xctest */ = {isa = PBXFileReference; explicitFileType = wrapper.cfbundle; includeInIndex = 0; path = PassifierUITests.xctest; sourceTree = BUILT_PRODUCTS_DIR; };
/* End PBXFileReference section */

/* Begin PBXFileSystemSynchronizedBuildFileExceptionSet section */
		6DE097BF2C60B27200F709D1 /* PBXFileSystemSynchronizedBuildFileExceptionSet */ = {
			isa = PBXFileSystemSynchronizedBuildFileExceptionSet;
			membershipExceptions = (
				AIUtility.swift,
				ContentView.swift,
				Pass.swift,
				PassesGridView.swift,
				PassProcessor.swift,
				ScannerView.swift,
				SplashScreenView.swift,
			);
			target = 6DE0979B2C60AC8F00F709D1 /* PassifierTests */;
		};
		6DE097C02C60B27200F709D1 /* PBXFileSystemSynchronizedBuildFileExceptionSet */ = {
			isa = PBXFileSystemSynchronizedBuildFileExceptionSet;
			membershipExceptions = (
				AIUtility.swift,
				ContentView.swift,
				Pass.swift,
				PassesGridView.swift,
				PassProcessor.swift,
				ScannerView.swift,
				SplashScreenView.swift,
			);
			target = 6DE097A52C60AC8F00F709D1 /* PassifierUITests */;
		};
/* End PBXFileSystemSynchronizedBuildFileExceptionSet section */

/* Begin PBXFileSystemSynchronizedRootGroup section */
		6DE0978E2C60AC8D00F709D1 /* Passifier */ = {isa = PBXFileSystemSynchronizedRootGroup; exceptions = (6DE097BF2C60B27200F709D1 /* PBXFileSystemSynchronizedBuildFileExceptionSet */, 6DE097C02C60B27200F709D1 /* PBXFileSystemSynchronizedBuildFileExceptionSet */, ); explicitFileTypes = {}; explicitFolders = (); path = Passifier; sourceTree = "<group>"; };
		6DE0979F2C60AC8F00F709D1 /* PassifierTests */ = {isa = PBXFileSystemSynchronizedRootGroup; explicitFileTypes = {}; explicitFolders = (); path = PassifierTests; sourceTree = "<group>"; };
		6DE097A92C60AC8F00F709D1 /* PassifierUITests */ = {isa = PBXFileSystemSynchronizedRootGroup; explicitFileTypes = {}; explicitFolders = (); path = PassifierUITests; sourceTree = "<group>"; };
/* End PBXFileSystemSynchronizedRootGroup section */

/* Begin PBXFrameworksBuildPhase section */
		6DE097892C60AC8D00F709D1 /* Frameworks */ = {
			isa = PBXFrameworksBuildPhase;
			buildActionMask = 2147483647;
			files = (
			);
			runOnlyForDeploymentPostprocessing = 0;
		};
		6DE097992C60AC8F00F709D1 /* Frameworks */ = {
			isa = PBXFrameworksBuildPhase;
			buildActionMask = 2147483647;
			files = (
			);
			runOnlyForDeploymentPostprocessing = 0;
		};
		6DE097A32C60AC8F00F709D1 /* Frameworks */ = {
			isa = PBXFrameworksBuildPhase;
			buildActionMask = 2147483647;
			files = (
			);
			runOnlyForDeploymentPostprocessing = 0;
		};
/* End PBXFrameworksBuildPhase section */

/* Begin PBXGroup section */
		6DE097832C60AC8D00F709D1 = {
			isa = PBXGroup;
			children = (
				6DE0978E2C60AC8D00F709D1 /* Passifier */,
				6DE0979F2C60AC8F00F709D1 /* PassifierTests */,
				6DE097A92C60AC8F00F709D1 /* PassifierUITests */,
				6DE0978D2C60AC8D00F709D1 /* Products */,
			);
			sourceTree = "<group>";
		};
		6DE0978D2C60AC8D00F709D1 /* Products */ = {
			isa = PBXGroup;
			children = (
				6DE0978C2C60AC8D00F709D1 /* Passifier.app */,
				6DE0979C2C60AC8F00F709D1 /* PassifierTests.xctest */,
				6DE097A62C60AC8F00F709D1 /* PassifierUITests.xctest */,
			);
			name = Products;
			sourceTree = "<group>";
		};
/* End PBXGroup section */

/* Begin PBXNativeTarget section */
		6DE0978B2C60AC8D00F709D1 /* Passifier */ = {
			isa = PBXNativeTarget;
			buildConfigurationList = 6DE097B02C60AC8F00F709D1 /* Build configuration list for PBXNativeTarget "Passifier" */;
			buildPhases = (
				6DE097882C60AC8D00F709D1 /* Sources */,
				6DE097892C60AC8D00F709D1 /* Frameworks */,
				6DE0978A2C60AC8D00F709D1 /* Resources */,
			);
			buildRules = (
			);
			dependencies = (
			);
			fileSystemSynchronizedGroups = (
				6DE0978E2C60AC8D00F709D1 /* Passifier */,
			);
			name = Passifier;
			packageProductDependencies = (
			);
			productName = Passifier;
			productReference = 6DE0978C2C60AC8D00F709D1 /* Passifier.app */;
			productType = "com.apple.product-type.application";
		};
		6DE0979B2C60AC8F00F709D1 /* PassifierTests */ = {
			isa = PBXNativeTarget;
			buildConfigurationList = 6DE097B32C60AC8F00F709D1 /* Build configuration list for PBXNativeTarget "PassifierTests" */;
			buildPhases = (
				6DE097982C60AC8F00F709D1 /* Sources */,
				6DE097992C60AC8F00F709D1 /* Frameworks */,
				6DE0979A2C60AC8F00F709D1 /* Resources */,
			);
			buildRules = (
			);
			dependencies = (
				6DE0979E2C60AC8F00F709D1 /* PBXTargetDependency */,
			);
			fileSystemSynchronizedGroups = (
				6DE0979F2C60AC8F00F709D1 /* PassifierTests */,
			);
			name = PassifierTests;
			packageProductDependencies = (
			);
			productName = PassifierTests;
			productReference = 6DE0979C2C60AC8F00F709D1 /* PassifierTests.xctest */;
			productType = "com.apple.product-type.bundle.unit-test";
		};
		6DE097A52C60AC8F00F709D1 /* PassifierUITests */ = {
			isa = PBXNativeTarget;
			buildConfigurationList = 6DE097B62C60AC8F00F709D1 /* Build configuration list for PBXNativeTarget "PassifierUITests" */;
			buildPhases = (
				6DE097A22C60AC8F00F709D1 /* Sources */,
				6DE097A32C60AC8F00F709D1 /* Frameworks */,
				6DE097A42C60AC8F00F709D1 /* Resources */,
			);
			buildRules = (
			);
			dependencies = (
				6DE097A82C60AC8F00F709D1 /* PBXTargetDependency */,
			);
			fileSystemSynchronizedGroups = (
				6DE097A92C60AC8F00F709D1 /* PassifierUITests */,
			);
			name = PassifierUITests;
			packageProductDependencies = (
			);
			productName = PassifierUITests;
			productReference = 6DE097A62C60AC8F00F709D1 /* PassifierUITests.xctest */;
			productType = "com.apple.product-type.bundle.ui-testing";
		};
/* End PBXNativeTarget section */

/* Begin PBXProject section */
		6DE097842C60AC8D00F709D1 /* Project object */ = {
			isa = PBXProject;
			attributes = {
				BuildIndependentTargetsInParallel = 1;
				LastSwiftUpdateCheck = 1600;
				LastUpgradeCheck = 1600;
				TargetAttributes = {
					6DE0978B2C60AC8D00F709D1 = {
						CreatedOnToolsVersion = 16.0;
					};
					6DE0979B2C60AC8F00F709D1 = {
						CreatedOnToolsVersion = 16.0;
						TestTargetID = 6DE0978B2C60AC8D00F709D1;
					};
					6DE097A52C60AC8F00F709D1 = {
						CreatedOnToolsVersion = 16.0;
						TestTargetID = 6DE0978B2C60AC8D00F709D1;
					};
				};
			};
			buildConfigurationList = 6DE097872C60AC8D00F709D1 /* Build configuration list for PBXProject "Passifier" */;
			compatibilityVersion = "Xcode 15.0";
			developmentRegion = en;
			hasScannedForEncodings = 0;
			knownRegions = (
				en,
				Base,
			);
			mainGroup = 6DE097832C60AC8D00F709D1;
			productRefGroup = 6DE0978D2C60AC8D00F709D1 /* Products */;
			projectDirPath = "";
			projectRoot = "";
			targets = (
				6DE0978B2C60AC8D00F709D1 /* Passifier */,
				6DE0979B2C60AC8F00F709D1 /* PassifierTests */,
				6DE097A52C60AC8F00F709D1 /* PassifierUITests */,
			);
		};
/* End PBXProject section */

/* Begin PBXResourcesBuildPhase section */
		6DE0978A2C60AC8D00F709D1 /* Resources */ = {
			isa = PBXResourcesBuildPhase;
			buildActionMask = 2147483647;
			files = (
			);
			runOnlyForDeploymentPostprocessing = 0;
		};
		6DE0979A2C60AC8F00F709D1 /* Resources */ = {
			isa = PBXResourcesBuildPhase;
			buildActionMask = 2147483647;
			files = (
			);
			runOnlyForDeploymentPostprocessing = 0;
		};
		6DE097A42C60AC8F00F709D1 /* Resources */ = {
			isa = PBXResourcesBuildPhase;
			buildActionMask = 2147483647;
			files = (
			);
			runOnlyForDeploymentPostprocessing = 0;
		};
/* End PBXResourcesBuildPhase section */

/* Begin PBXSourcesBuildPhase section */
		6DE097882C60AC8D00F709D1 /* Sources */ = {
			isa = PBXSourcesBuildPhase;
			buildActionMask = 2147483647;
			files = (
			);
			runOnlyForDeploymentPostprocessing = 0;
		};
		6DE097982C60AC8F00F709D1 /* Sources */ = {
			isa = PBXSourcesBuildPhase;
			buildActionMask = 2147483647;
			files = (
			);
			runOnlyForDeploymentPostprocessing = 0;
		};
		6DE097A22C60AC8F00F709D1 /* Sources */ = {
			isa = PBXSourcesBuildPhase;
			buildActionMask = 2147483647;
			files = (
			);
			runOnlyForDeploymentPostprocessing = 0;
		};
/* End PBXSourcesBuildPhase section */

/* Begin PBXTargetDependency section */
		6DE0979E2C60AC8F00F709D1 /* PBXTargetDependency */ = {
			isa = PBXTargetDependency;
			target = 6DE0978B2C60AC8D00F709D1 /* Passifier */;
			targetProxy = 6DE0979D2C60AC8F00F709D1 /* PBXContainerItemProxy */;
		};
		6DE097A82C60AC8F00F709D1 /* PBXTargetDependency */ = {
			isa = PBXTargetDependency;
			target = 6DE0978B2C60AC8D00F709D1 /* Passifier */;
			targetProxy = 6DE097A72C60AC8F00F709D1 /* PBXContainerItemProxy */;
		};
/* End PBXTargetDependency section */

/* Begin XCBuildConfiguration section */
		6DE097AE2C60AC8F00F709D1 /* Debug */ = {
			isa = XCBuildConfiguration;
			buildSettings = {
				ALWAYS_SEARCH_USER_PATHS = NO;
				ASSETCATALOG_COMPILER_GENERATE_SWIFT_ASSET_SYMBOL_EXTENSIONS = YES;
				CLANG_ANALYZER_NONNULL = YES;
				CLANG_ANALYZER_NUMBER_OBJECT_CONVERSION = YES_AGGRESSIVE;
				CLANG_CXX_LANGUAGE_STANDARD = "gnu++20";
				CLANG_ENABLE_MODULES = YES;
				CLANG_ENABLE_OBJC_ARC = YES;
				CLANG_ENABLE_OBJC_WEAK = YES;
				CLANG_WARN_BLOCK_CAPTURE_AUTORELEASING = YES;
				CLANG_WARN_BOOL_CONVERSION = YES;
				CLANG_WARN_COMMA = YES;
				CLANG_WARN_CONSTANT_CONVERSION = YES;
				CLANG_WARN_DEPRECATED_OBJC_IMPLEMENTATIONS = YES;
				CLANG_WARN_DIRECT_OBJC_ISA_USAGE = YES_ERROR;
				CLANG_WARN_DOCUMENTATION_COMMENTS = YES;
				CLANG_WARN_EMPTY_BODY = YES;
				CLANG_WARN_ENUM_CONVERSION = YES;
				CLANG_WARN_INFINITE_RECURSION = YES;
				CLANG_WARN_INT_CONVERSION = YES;
				CLANG_WARN_NON_LITERAL_NULL_CONVERSION = YES;
				CLANG_WARN_OBJC_IMPLICIT_RETAIN_SELF = YES;
				CLANG_WARN_OBJC_LITERAL_CONVERSION = YES;
				CLANG_WARN_OBJC_ROOT_CLASS = YES_ERROR;
				CLANG_WARN_QUOTED_INCLUDE_IN_FRAMEWORK_HEADER = YES;
				CLANG_WARN_RANGE_LOOP_ANALYSIS = YES;
				CLANG_WARN_STRICT_PROTOTYPES = YES;
				CLANG_WARN_SUSPICIOUS_MOVE = YES;
				CLANG_WARN_UNGUARDED_AVAILABILITY = YES_AGGRESSIVE;
				CLANG_WARN_UNREACHABLE_CODE = YES;
				CLANG_WARN__DUPLICATE_METHOD_MATCH = YES;
				COPY_PHASE_STRIP = NO;
				DEBUG_INFORMATION_FORMAT = dwarf;
				ENABLE_STRICT_OBJC_MSGSEND = YES;
				ENABLE_TESTABILITY = YES;
				ENABLE_USER_SCRIPT_SANDBOXING = YES;
				GCC_C_LANGUAGE_STANDARD = gnu17;
				GCC_DYNAMIC_NO_PIC = NO;
				GCC_NO_COMMON_BLOCKS = YES;
				GCC_OPTIMIZATION_LEVEL = 0;
				GCC_PREPROCESSOR_DEFINITIONS = (
					"DEBUG=1",
					"$(inherited)",
				);
				GCC_WARN_64_TO_32_BIT_CONVERSION = YES;
				GCC_WARN_ABOUT_RETURN_TYPE = YES_ERROR;
				GCC_WARN_UNDECLARED_SELECTOR = YES;
				GCC_WARN_UNINITIALIZED_AUTOS = YES_AGGRESSIVE;
				GCC_WARN_UNUSED_FUNCTION = YES;
				GCC_WARN_UNUSED_VARIABLE = YES;
				IPHONEOS_DEPLOYMENT_TARGET = 18.0;
				LOCALIZATION_PREFERS_STRING_CATALOGS = YES;
				MTL_ENABLE_DEBUG_INFO = INCLUDE_SOURCE;
				MTL_FAST_MATH = YES;
				ONLY_ACTIVE_ARCH = YES;
				SDKROOT = iphoneos;
				SWIFT_ACTIVE_COMPILATION_CONDITIONS = "DEBUG $(inherited)";
				SWIFT_OPTIMIZATION_LEVEL = "-Onone";
			};
			name = Debug;
		};
		6DE097AF2C60AC8F00F709D1 /* Release */ = {
			isa = XCBuildConfiguration;
			buildSettings = {
				ALWAYS_SEARCH_USER_PATHS = NO;
				ASSETCATALOG_COMPILER_GENERATE_SWIFT_ASSET_SYMBOL_EXTENSIONS = YES;
				CLANG_ANALYZER_NONNULL = YES;
				CLANG_ANALYZER_NUMBER_OBJECT_CONVERSION = YES_AGGRESSIVE;
				CLANG_CXX_LANGUAGE_STANDARD = "gnu++20";
				CLANG_ENABLE_MODULES = YES;
				CLANG_ENABLE_OBJC_ARC = YES;
				CLANG_ENABLE_OBJC_WEAK = YES;
				CLANG_WARN_BLOCK_CAPTURE_AUTORELEASING = YES;
				CLANG_WARN_BOOL_CONVERSION = YES;
				CLANG_WARN_COMMA = YES;
				CLANG_WARN_CONSTANT_CONVERSION = YES;
				CLANG_WARN_DEPRECATED_OBJC_IMPLEMENTATIONS = YES;
				CLANG_WARN_DIRECT_OBJC_ISA_USAGE = YES_ERROR;
				CLANG_WARN_DOCUMENTATION_COMMENTS = YES;
				CLANG_WARN_EMPTY_BODY = YES;
				CLANG_WARN_ENUM_CONVERSION = YES;
				CLANG_WARN_INFINITE_RECURSION = YES;
				CLANG_WARN_INT_CONVERSION = YES;
				CLANG_WARN_NON_LITERAL_NULL_CONVERSION = YES;
				CLANG_WARN_OBJC_IMPLICIT_RETAIN_SELF = YES;
				CLANG_WARN_OBJC_LITERAL_CONVERSION = YES;
				CLANG_WARN_OBJC_ROOT_CLASS = YES_ERROR;
				CLANG_WARN_QUOTED_INCLUDE_IN_FRAMEWORK_HEADER = YES;
				CLANG_WARN_RANGE_LOOP_ANALYSIS = YES;
				CLANG_WARN_STRICT_PROTOTYPES = YES;
				CLANG_WARN_SUSPICIOUS_MOVE = YES;
				CLANG_WARN_UNGUARDED_AVAILABILITY = YES_AGGRESSIVE;
				CLANG_WARN_UNREACHABLE_CODE = YES;
				CLANG_WARN__DUPLICATE_METHOD_MATCH = YES;
				COPY_PHASE_STRIP = NO;
				DEBUG_INFORMATION_FORMAT = "dwarf-with-dsym";
				ENABLE_NS_ASSERTIONS = NO;
				ENABLE_STRICT_OBJC_MSGSEND = YES;
				ENABLE_USER_SCRIPT_SANDBOXING = YES;
				GCC_C_LANGUAGE_STANDARD = gnu17;
				GCC_NO_COMMON_BLOCKS = YES;
				GCC_WARN_64_TO_32_BIT_CONVERSION = YES;
				GCC_WARN_ABOUT_RETURN_TYPE = YES_ERROR;
				GCC_WARN_UNDECLARED_SELECTOR = YES;
				GCC_WARN_UNINITIALIZED_AUTOS = YES_AGGRESSIVE;
				GCC_WARN_UNUSED_FUNCTION = YES;
				GCC_WARN_UNUSED_VARIABLE = YES;
				IPHONEOS_DEPLOYMENT_TARGET = 18.0;
				LOCALIZATION_PREFERS_STRING_CATALOGS = YES;
				MTL_ENABLE_DEBUG_INFO = NO;
				MTL_FAST_MATH = YES;
				SDKROOT = iphoneos;
				SWIFT_COMPILATION_MODE = wholemodule;
				VALIDATE_PRODUCT = YES;
			};
			name = Release;
		};
		6DE097B12C60AC8F00F709D1 /* Debug */ = {
			isa = XCBuildConfiguration;
			buildSettings = {
				ASSETCATALOG_COMPILER_APPICON_NAME = AppIcon;
				ASSETCATALOG_COMPILER_GLOBAL_ACCENT_COLOR_NAME = AccentColor;
				CODE_SIGN_ENTITLEMENTS = Passifier/Passifier.entitlements;
				CODE_SIGN_STYLE = Automatic;
				CURRENT_PROJECT_VERSION = 1;
				DEVELOPMENT_ASSET_PATHS = "\"Passifier/Preview Content\"";
				DEVELOPMENT_TEAM = 3F634L5D2A;
				ENABLE_PREVIEWS = YES;
				GENERATE_INFOPLIST_FILE = YES;
				INFOPLIST_KEY_UIApplicationSceneManifest_Generation = YES;
				INFOPLIST_KEY_UIApplicationSupportsIndirectInputEvents = YES;
				INFOPLIST_KEY_UILaunchScreen_Generation = YES;
				INFOPLIST_KEY_UISupportedInterfaceOrientations_iPad = "UIInterfaceOrientationPortrait UIInterfaceOrientationPortraitUpsideDown UIInterfaceOrientationLandscapeLeft UIInterfaceOrientationLandscapeRight";
				INFOPLIST_KEY_UISupportedInterfaceOrientations_iPhone = "UIInterfaceOrientationPortrait UIInterfaceOrientationLandscapeLeft UIInterfaceOrientationLandscapeRight";
				LD_RUNPATH_SEARCH_PATHS = (
					"$(inherited)",
					"@executable_path/Frameworks",
				);
				MARKETING_VERSION = 1.0;
				PRODUCT_BUNDLE_IDENTIFIER = com.vishrutjha.Passifier;
				PRODUCT_NAME = "$(TARGET_NAME)";
				SWIFT_EMIT_LOC_STRINGS = YES;
				SWIFT_VERSION = 5.0;
				TARGETED_DEVICE_FAMILY = "1,2";
			};
			name = Debug;
		};
		6DE097B22C60AC8F00F709D1 /* Release */ = {
			isa = XCBuildConfiguration;
			buildSettings = {
				ASSETCATALOG_COMPILER_APPICON_NAME = AppIcon;
				ASSETCATALOG_COMPILER_GLOBAL_ACCENT_COLOR_NAME = AccentColor;
				CODE_SIGN_ENTITLEMENTS = Passifier/Passifier.entitlements;
				CODE_SIGN_STYLE = Automatic;
				CURRENT_PROJECT_VERSION = 1;
				DEVELOPMENT_ASSET_PATHS = "\"Passifier/Preview Content\"";
				DEVELOPMENT_TEAM = 3F634L5D2A;
				ENABLE_PREVIEWS = YES;
				GENERATE_INFOPLIST_FILE = YES;
				INFOPLIST_KEY_UIApplicationSceneManifest_Generation = YES;
				INFOPLIST_KEY_UIApplicationSupportsIndirectInputEvents = YES;
				INFOPLIST_KEY_UILaunchScreen_Generation = YES;
				INFOPLIST_KEY_UISupportedInterfaceOrientations_iPad = "UIInterfaceOrientationPortrait UIInterfaceOrientationPortraitUpsideDown UIInterfaceOrientationLandscapeLeft UIInterfaceOrientationLandscapeRight";
				INFOPLIST_KEY_UISupportedInterfaceOrientations_iPhone = "UIInterfaceOrientationPortrait UIInterfaceOrientationLandscapeLeft UIInterfaceOrientationLandscapeRight";
				LD_RUNPATH_SEARCH_PATHS = (
					"$(inherited)",
					"@executable_path/Frameworks",
				);
				MARKETING_VERSION = 1.0;
				PRODUCT_BUNDLE_IDENTIFIER = com.vishrutjha.Passifier;
				PRODUCT_NAME = "$(TARGET_NAME)";
				SWIFT_EMIT_LOC_STRINGS = YES;
				SWIFT_VERSION = 5.0;
				TARGETED_DEVICE_FAMILY = "1,2";
			};
			name = Release;
		};
		6DE097B42C60AC8F00F709D1 /* Debug */ = {
			isa = XCBuildConfiguration;
			buildSettings = {
				BUNDLE_LOADER = "$(TEST_HOST)";
				CODE_SIGN_STYLE = Automatic;
				CURRENT_PROJECT_VERSION = 1;
				DEVELOPMENT_TEAM = 3F634L5D2A;
				GENERATE_INFOPLIST_FILE = YES;
				IPHONEOS_DEPLOYMENT_TARGET = 18.0;
				MARKETING_VERSION = 1.0;
				PRODUCT_BUNDLE_IDENTIFIER = com.vishrutjha.PassifierTests;
				PRODUCT_NAME = "$(TARGET_NAME)";
				SWIFT_EMIT_LOC_STRINGS = NO;
				SWIFT_VERSION = 5.0;
				TARGETED_DEVICE_FAMILY = "1,2";
				TEST_HOST = "$(BUILT_PRODUCTS_DIR)/Passifier.app/$(BUNDLE_EXECUTABLE_FOLDER_PATH)/Passifier";
			};
			name = Debug;
		};
		6DE097B52C60AC8F00F709D1 /* Release */ = {
			isa = XCBuildConfiguration;
			buildSettings = {
				BUNDLE_LOADER = "$(TEST_HOST)";
				CODE_SIGN_STYLE = Automatic;
				CURRENT_PROJECT_VERSION = 1;
				DEVELOPMENT_TEAM = 3F634L5D2A;
				GENERATE_INFOPLIST_FILE = YES;
				IPHONEOS_DEPLOYMENT_TARGET = 18.0;
				MARKETING_VERSION = 1.0;
				PRODUCT_BUNDLE_IDENTIFIER = com.vishrutjha.PassifierTests;
				PRODUCT_NAME = "$(TARGET_NAME)";
				SWIFT_EMIT_LOC_STRINGS = NO;
				SWIFT_VERSION = 5.0;
				TARGETED_DEVICE_FAMILY = "1,2";
				TEST_HOST = "$(BUILT_PRODUCTS_DIR)/Passifier.app/$(BUNDLE_EXECUTABLE_FOLDER_PATH)/Passifier";
			};
			name = Release;
		};
		6DE097B72C60AC8F00F709D1 /* Debug */ = {
			isa = XCBuildConfiguration;
			buildSettings = {
				CODE_SIGN_STYLE = Automatic;
				CURRENT_PROJECT_VERSION = 1;
				DEVELOPMENT_TEAM = 3F634L5D2A;
				GENERATE_INFOPLIST_FILE = YES;
				MARKETING_VERSION = 1.0;
				PRODUCT_BUNDLE_IDENTIFIER = com.vishrutjha.PassifierUITests;
				PRODUCT_NAME = "$(TARGET_NAME)";
				SWIFT_EMIT_LOC_STRINGS = NO;
				SWIFT_VERSION = 5.0;
				TARGETED_DEVICE_FAMILY = "1,2";
				TEST_TARGET_NAME = Passifier;
			};
			name = Debug;
		};
		6DE097B82C60AC8F00F709D1 /* Release */ = {
			isa = XCBuildConfiguration;
			buildSettings = {
				CODE_SIGN_STYLE = Automatic;
				CURRENT_PROJECT_VERSION = 1;
				DEVELOPMENT_TEAM = 3F634L5D2A;
				GENERATE_INFOPLIST_FILE = YES;
				MARKETING_VERSION = 1.0;
				PRODUCT_BUNDLE_IDENTIFIER = com.vishrutjha.PassifierUITests;
				PRODUCT_NAME = "$(TARGET_NAME)";
				SWIFT_EMIT_LOC_STRINGS = NO;
				SWIFT_VERSION = 5.0;
				TARGETED_DEVICE_FAMILY = "1,2";
				TEST_TARGET_NAME = Passifier;
			};
			name = Release;
		};
/* End XCBuildConfiguration section */

/* Begin XCConfigurationList section */
		6DE097872C60AC8D00F709D1 /* Build configuration list for PBXProject "Passifier" */ = {
			isa = XCConfigurationList;
			buildConfigurations = (
				6DE097AE2C60AC8F00F709D1 /* Debug */,
				6DE097AF2C60AC8F00F709D1 /* Release */,
			);
			defaultConfigurationIsVisible = 0;
			defaultConfigurationName = Release;
		};
		6DE097B02C60AC8F00F709D1 /* Build configuration list for PBXNativeTarget "Passifier" */ = {
			isa = XCConfigurationList;
			buildConfigurations = (
				6DE097B12C60AC8F00F709D1 /* Debug */,
				6DE097B22C60AC8F00F709D1 /* Release */,
			);
			defaultConfigurationIsVisible = 0;
			defaultConfigurationName = Release;
		};
		6DE097B32C60AC8F00F709D1 /* Build configuration list for PBXNativeTarget "PassifierTests" */ = {
			isa = XCConfigurationList;
			buildConfigurations = (
				6DE097B42C60AC8F00F709D1 /* Debug */,
				6DE097B52C60AC8F00F709D1 /* Release */,
			);
			defaultConfigurationIsVisible = 0;
			defaultConfigurationName = Release;
		};
		6DE097B62C60AC8F00F709D1 /* Build configuration list for PBXNativeTarget "PassifierUITests" */ = {
			isa = XCConfigurationList;
			buildConfigurations = (
				6DE097B72C60AC8F00F709D1 /* Debug */,
				6DE097B82C60AC8F00F709D1 /* Release */,
			);
			defaultConfigurationIsVisible = 0;
			defaultConfigurationName = Release;
		};
/* End XCConfigurationList section */
	};
	rootObject = 6DE097842C60AC8D00F709D1 /* Project object */;
}
